
Microsoft Visual Studio Solution File, Format Version 12.00
# Visual Studio 16
Project("{FAE04EC0-301F-11D3-BF4B-00C04F79EFBC}") = "Assembly-CSharp", "Assembly-CSharp.csproj", "{F39269FF-9BBC-B69A-AA1F-4F010CE8AD6B}"
EndProject
Project("{FAE04EC0-301F-11D3-BF4B-00C04F79EFBC}") = "Assembly-CSharp-Editor", "Assembly-CSharp-Editor.csproj", "{64EA0914-CC60-1D39-79B1-5EBDF40CC64F}"
EndProject
Global
	GlobalSection(SolutionConfigurationPlatforms) = preSolution
		Debug|Any CPU = Debug|Any CPU
		Release|Any CPU = Release|Any CPU
	EndGlobalSection
	GlobalSection(ProjectConfigurationPlatforms) = postSolution
		{F39269FF-9BBC-B69A-AA1F-4F010CE8AD6B}.Debug|Any CPU.ActiveCfg = Debug|Any CPU
		{F39269FF-9BBC-B69A-AA1F-4F010CE8AD6B}.Debug|Any CPU.Build.0 = Debug|Any CPU
		{F39269FF-9BBC-B69A-AA1F-4F010CE8AD6B}.Release|Any CPU.ActiveCfg = Release|Any CPU
		{F39269FF-9BBC-B69A-AA1F-4F010CE8AD6B}.Release|Any CPU.Build.0 = Release|Any CPU
		{64EA0914-CC60-1D39-79B1-5EBDF40CC64F}.Debug|Any CPU.ActiveCfg = Debug|Any CPU
		{64EA0914-CC60-1D39-79B1-5EBDF40CC64F}.Debug|Any CPU.Build.0 = Debug|Any CPU
		{64EA0914-CC60-1D39-79B1-5EBDF40CC64F}.Release|Any CPU.ActiveCfg = Release|Any CPU
		{64EA0914-CC60-1D39-79B1-5EBDF40CC64F}.Release|Any CPU.Build.0 = Release|Any CPU
	EndGlobalSection
	GlobalSection(SolutionProperties) = preSolution
		HideSolutionNode = FALSE
	EndGlobalSection
EndGlobal
